// !$*UTF8*$!
{
	archiveVersion = 1;
	classes = {
	};
	objectVersion = 50;
	objects = {

/* Begin PBXBuildFile section */
		1426DF402703C6A100DCE9B3 /* AppDelegate.swift in Sources */ = {isa = PBXBuildFile; fileRef = 1426DF3F2703C6A100DCE9B3 /* AppDelegate.swift */; };
		1426DF422703C6A100DCE9B3 /* SceneDelegate.swift in Sources */ = {isa = PBXBuildFile; fileRef = 1426DF412703C6A100DCE9B3 /* SceneDelegate.swift */; };
		1426DF442703C6A100DCE9B3 /* ContentView.swift in Sources */ = {isa = PBXBuildFile; fileRef = 1426DF432703C6A100DCE9B3 /* ContentView.swift */; };
		1426DF462703C6A400DCE9B3 /* Assets.xcassets in Resources */ = {isa = PBXBuildFile; fileRef = 1426DF452703C6A400DCE9B3 /* Assets.xcassets */; };
		1426DF492703C6A400DCE9B3 /* Preview Assets.xcassets in Resources */ = {isa = PBXBuildFile; fileRef = 1426DF482703C6A400DCE9B3 /* Preview Assets.xcassets */; };
		1426DF4C2703C6A400DCE9B3 /* LaunchScreen.storyboard in Resources */ = {isa = PBXBuildFile; fileRef = 1426DF4A2703C6A400DCE9B3 /* LaunchScreen.storyboard */; };
		1426DF572703C7F500DCE9B3 /* ArrochaViewModel.swift in Sources */ = {isa = PBXBuildFile; fileRef = 1426DF562703C7F500DCE9B3 /* ArrochaViewModel.swift */; };
		1426DF592703CB6E00DCE9B3 /* Jogo_do_ArrochaApp.swift in Sources */ = {isa = PBXBuildFile; fileRef = 1426DF582703CB6E00DCE9B3 /* Jogo_do_ArrochaApp.swift */; };
/* End PBXBuildFile section */

/* Begin PBXFileReference section */
		1426DF3C2703C6A100DCE9B3 /* Jogo do Arrocha.app */ = {isa = PBXFileReference; explicitFileType = wrapper.application; includeInIndex = 0; path = "Jogo do Arrocha.app"; sourceTree = BUILT_PRODUCTS_DIR; };
		1426DF3F2703C6A100DCE9B3 /* AppDelegate.swift */ = {isa = PBXFileReference; lastKnownFileType = sourcecode.swift; path = AppDelegate.swift; sourceTree = "<group>"; };
		1426DF412703C6A100DCE9B3 /* SceneDelegate.swift */ = {isa = PBXFileReference; lastKnownFileType = sourcecode.swift; path = SceneDelegate.swift; sourceTree = "<group>"; };
		1426DF432703C6A100DCE9B3 /* ContentView.swift */ = {isa = PBXFileReference; lastKnownFileType = sourcecode.swift; path = ContentView.swift; sourceTree = "<group>"; };
		1426DF452703C6A400DCE9B3 /* Assets.xcassets */ = {isa = PBXFileReference; lastKnownFileType = folder.assetcatalog; path = Assets.xcassets; sourceTree = "<group>"; };
		1426DF482703C6A400DCE9B3 /* Preview Assets.xcassets */ = {isa = PBXFileReference; lastKnownFileType = folder.assetcatalog; path = "Preview Assets.xcassets"; sourceTree = "<group>"; };
		1426DF4B2703C6A400DCE9B3 /* Base */ = {isa = PBXFileReference; lastKnownFileType = file.storyboard; name = Base; path = Base.lproj/LaunchScreen.storyboard; sourceTree = "<group>"; };
		1426DF4D2703C6A400DCE9B3 /* Info.plist */ = {isa = PBXFileReference; lastKnownFileType = text.plist.xml; path = Info.plist; sourceTree = "<group>"; };
		1426DF562703C7F500DCE9B3 /* ArrochaViewModel.swift */ = {isa = PBXFileReference; lastKnownFileType = sourcecode.swift; path = ArrochaViewModel.swift; sourceTree = "<group>"; };
		1426DF582703CB6E00DCE9B3 /* Jogo_do_ArrochaApp.swift */ = {isa = PBXFileReference; lastKnownFileType = sourcecode.swift; path = Jogo_do_ArrochaApp.swift; sourceTree = "<group>"; };
/* End PBXFileReference section */

/* Begin PBXFrameworksBuildPhase section */
		1426DF392703C6A100DCE9B3 /* Frameworks */ = {
			isa = PBXFrameworksBuildPhase;
			buildActionMask = 2147483647;
			files = (
			);
			runOnlyForDeploymentPostprocessing = 0;
		};
/* End PBXFrameworksBuildPhase section */

/* Begin PBXGroup section */
		1426DF332703C6A100DCE9B3 = {
			isa = PBXGroup;
			children = (
				1426DF3E2703C6A100DCE9B3 /* Jogo do Arrocha */,
				1426DF3D2703C6A100DCE9B3 /* Products */,
			);
			sourceTree = "<group>";
		};
		1426DF3D2703C6A100DCE9B3 /* Products */ = {
			isa = PBXGroup;
			children = (
				1426DF3C2703C6A100DCE9B3 /* Jogo do Arrocha.app */,
			);
			name = Products;
			sourceTree = "<group>";
		};
		1426DF3E2703C6A100DCE9B3 /* Jogo do Arrocha */ = {
			isa = PBXGroup;
			children = (
				1426DF3F2703C6A100DCE9B3 /* AppDelegate.swift */,
				1426DF412703C6A100DCE9B3 /* SceneDelegate.swift */,
				1426DF432703C6A100DCE9B3 /* ContentView.swift */,
				1426DF452703C6A400DCE9B3 /* Assets.xcassets */,
				1426DF4A2703C6A400DCE9B3 /* LaunchScreen.storyboard */,
				1426DF4D2703C6A400DCE9B3 /* Info.plist */,
				1426DF472703C6A400DCE9B3 /* Preview Content */,
				1426DF562703C7F500DCE9B3 /* ArrochaViewModel.swift */,
				1426DF582703CB6E00DCE9B3 /* Jogo_do_ArrochaApp.swift */,
			);
			path = "Jogo do Arrocha";
			sourceTree = "<group>";
		};
		1426DF472703C6A400DCE9B3 /* Preview Content */ = {
			isa = PBXGroup;
			children = (
				1426DF482703C6A400DCE9B3 /* Preview Assets.xcassets */,
			);
			path = "Preview Content";
			sourceTree = "<group>";
		};
/* End PBXGroup section */

/* Begin PBXNativeTarget section */
		1426DF3B2703C6A100DCE9B3 /* Jogo do Arrocha */ = {
			isa = PBXNativeTarget;
			buildConfigurationList = 1426DF502703C6A400DCE9B3 /* Build configuration list for PBXNativeTarget "Jogo do Arrocha" */;
			buildPhases = (
				1426DF382703C6A100DCE9B3 /* Sources */,
				1426DF392703C6A100DCE9B3 /* Frameworks */,
				1426DF3A2703C6A100DCE9B3 /* Resources */,
			);
			buildRules = (
			);
			dependencies = (
			);
			name = "Jogo do Arrocha";
			productName = "Jogo do Arrocha";
			productReference = 1426DF3C2703C6A100DCE9B3 /* Jogo do Arrocha.app */;
			productType = "com.apple.product-type.application";
		};
/* End PBXNativeTarget section */

/* Begin PBXProject section */
		1426DF342703C6A100DCE9B3 /* Project object */ = {
			isa = PBXProject;
			attributes = {
				LastSwiftUpdateCheck = 1130;
				LastUpgradeCheck = 1130;
				ORGANIZATIONNAME = IFPB;
				TargetAttributes = {
					1426DF3B2703C6A100DCE9B3 = {
						CreatedOnToolsVersion = 11.3.1;
					};
				};
			};
			buildConfigurationList = 1426DF372703C6A100DCE9B3 /* Build configuration list for PBXProject "Jogo do Arrocha" */;
			compatibilityVersion = "Xcode 9.3";
			developmentRegion = en;
			hasScannedForEncodings = 0;
			knownRegions = (
				en,
				Base,
			);
			mainGroup = 1426DF332703C6A100DCE9B3;
			productRefGroup = 1426DF3D2703C6A100DCE9B3 /* Products */;
			projectDirPath = "";
			projectRoot = "";
			targets = (
				1426DF3B2703C6A100DCE9B3 /* Jogo do Arrocha */,
			);
		};
/* End PBXProject section */

/* Begin PBXResourcesBuildPhase section */
		1426DF3A2703C6A100DCE9B3 /* Resources */ = {
			isa = PBXResourcesBuildPhase;
			buildActionMask = 2147483647;
			files = (
				1426DF4C2703C6A400DCE9B3 /* LaunchScreen.storyboard in Resources */,
				1426DF492703C6A400DCE9B3 /* Preview Assets.xcassets in Resources */,
				1426DF462703C6A400DCE9B3 /* Assets.xcassets in Resources */,
			);
			runOnlyForDeploymentPostprocessing = 0;
		};
/* End PBXResourcesBuildPhase section */

/* Begin PBXSourcesBuildPhase section */
		1426DF382703C6A100DCE9B3 /* Sources */ = {
			isa = PBXSourcesBuildPhase;
			buildActionMask = 2147483647;
			files = (
				1426DF592703CB6E00DCE9B3 /* Jogo_do_ArrochaApp.swift in Sources */,
				1426DF572703C7F500DCE9B3 /* ArrochaViewModel.swift in Sources */,
				1426DF402703C6A100DCE9B3 /* AppDelegate.swift in Sources */,
				1426DF422703C6A100DCE9B3 /* SceneDelegate.swift in Sources */,
				1426DF442703C6A100DCE9B3 /* ContentView.swift in Sources */,
			);
			runOnlyForDeploymentPostprocessing = 0;
		};
/* End PBXSourcesBuildPhase section */

/* Begin PBXVariantGroup section */
		1426DF4A2703C6A400DCE9B3 /* LaunchScreen.storyboard */ = {
			isa = PBXVariantGroup;
			children = (
				1426DF4B2703C6A400DCE9B3 /* Base */,
			);
			name = LaunchScreen.storyboard;
			sourceTree = "<group>";
		};
/* End PBXVariantGroup section */

/* Begin XCBuildConfiguration section */
		1426DF4E2703C6A400DCE9B3 /* Debug */ = {
			isa = XCBuildConfiguration;
			buildSettings = {
				ALWAYS_SEARCH_USER_PATHS = NO;
				CLANG_ANALYZER_NONNULL = YES;
				CLANG_ANALYZER_NUMBER_OBJECT_CONVERSION = YES_AGGRESSIVE;
				CLANG_CXX_LANGUAGE_STANDARD = "gnu++14";
				CLANG_CXX_LIBRARY = "libc++";
				CLANG_ENABLE_MODULES = YES;
				CLANG_ENABLE_OBJC_ARC = YES;
				CLANG_ENABLE_OBJC_WEAK = YES;
				CLANG_WARN_BLOCK_CAPTURE_AUTORELEASING = YES;
				CLANG_WARN_BOOL_CONVERSION = YES;
				CLANG_WARN_COMMA = YES;
				CLANG_WARN_CONSTANT_CONVERSION = YES;
				CLANG_WARN_DEPRECATED_OBJC_IMPLEMENTATIONS = YES;
				CLANG_WARN_DIRECT_OBJC_ISA_USAGE = YES_ERROR;
				CLANG_WARN_DOCUMENTATION_COMMENTS = YES;
				CLANG_WARN_EMPTY_BODY = YES;
				CLANG_WARN_ENUM_CONVERSION = YES;
				CLANG_WARN_INFINITE_RECURSION = YES;
				CLANG_WARN_INT_CONVERSION = YES;
				CLANG_WARN_NON_LITERAL_NULL_CONVERSION = YES;
				CLANG_WARN_OBJC_IMPLICIT_RETAIN_SELF = YES;
				CLANG_WARN_OBJC_LITERAL_CONVERSION = YES;
				CLANG_WARN_OBJC_ROOT_CLASS = YES_ERROR;
				CLANG_WARN_RANGE_LOOP_ANALYSIS = YES;
				CLANG_WARN_STRICT_PROTOTYPES = YES;
				CLANG_WARN_SUSPICIOUS_MOVE = YES;
				CLANG_WARN_UNGUARDED_AVAILABILITY = YES_AGGRESSIVE;
				CLANG_WARN_UNREACHABLE_CODE = YES;
				CLANG_WARN__DUPLICATE_METHOD_MATCH = YES;
				COPY_PHASE_STRIP = NO;
				DEBUG_INFORMATION_FORMAT = dwarf;
				ENABLE_STRICT_OBJC_MSGSEND = YES;
				ENABLE_TESTABILITY = YES;
				GCC_C_LANGUAGE_STANDARD = gnu11;
				GCC_DYNAMIC_NO_PIC = NO;
				GCC_NO_COMMON_BLOCKS = YES;
				GCC_OPTIMIZATION_LEVEL = 0;
				GCC_PREPROCESSOR_DEFINITIONS = (
					"DEBUG=1",
					"$(inherited)",
				);
				GCC_WARN_64_TO_32_BIT_CONVERSION = YES;
				GCC_WARN_ABOUT_RETURN_TYPE = YES_ERROR;
				GCC_WARN_UNDECLARED_SELECTOR = YES;
				GCC_WARN_UNINITIALIZED_AUTOS = YES_AGGRESSIVE;
				GCC_WARN_UNUSED_FUNCTION = YES;
				GCC_WARN_UNUSED_VARIABLE = YES;
				IPHONEOS_DEPLOYMENT_TARGET = 13.2;
				MTL_ENABLE_DEBUG_INFO = INCLUDE_SOURCE;
				MTL_FAST_MATH = YES;
				ONLY_ACTIVE_ARCH = YES;
				SDKROOT = iphoneos;
				SWIFT_ACTIVE_COMPILATION_CONDITIONS = DEBUG;
				SWIFT_OPTIMIZATION_LEVEL = "-Onone";
			};
			name = Debug;
		};
		1426DF4F2703C6A400DCE9B3 /* Release */ = {
			isa = XCBuildConfiguration;
			buildSettings = {
				ALWAYS_SEARCH_USER_PATHS = NO;
				CLANG_ANALYZER_NONNULL = YES;
				CLANG_ANALYZER_NUMBER_OBJECT_CONVERSION = YES_AGGRESSIVE;
				CLANG_CXX_LANGUAGE_STANDARD = "gnu++14";
				CLANG_CXX_LIBRARY = "libc++";
				CLANG_ENABLE_MODULES = YES;
				CLANG_ENABLE_OBJC_ARC = YES;
				CLANG_ENABLE_OBJC_WEAK = YES;
				CLANG_WARN_BLOCK_CAPTURE_AUTORELEASING = YES;
				CLANG_WARN_BOOL_CONVERSION = YES;
				CLANG_WARN_COMMA = YES;
				CLANG_WARN_CONSTANT_CONVERSION = YES;
				CLANG_WARN_DEPRECATED_OBJC_IMPLEMENTATIONS = YES;
				CLANG_WARN_DIRECT_OBJC_ISA_USAGE = YES_ERROR;
				CLANG_WARN_DOCUMENTATION_COMMENTS = YES;
				CLANG_WARN_EMPTY_BODY = YES;
				CLANG_WARN_ENUM_CONVERSION = YES;
				CLANG_WARN_INFINITE_RECURSION = YES;
				CLANG_WARN_INT_CONVERSION = YES;
				CLANG_WARN_NON_LITERAL_NULL_CONVERSION = YES;
				CLANG_WARN_OBJC_IMPLICIT_RETAIN_SELF = YES;
				CLANG_WARN_OBJC_LITERAL_CONVERSION = YES;
				CLANG_WARN_OBJC_ROOT_CLASS = YES_ERROR;
				CLANG_WARN_RANGE_LOOP_ANALYSIS = YES;
				CLANG_WARN_STRICT_PROTOTYPES = YES;
				CLANG_WARN_SUSPICIOUS_MOVE = YES;
				CLANG_WARN_UNGUARDED_AVAILABILITY = YES_AGGRESSIVE;
				CLANG_WARN_UNREACHABLE_CODE = YES;
				CLANG_WARN__DUPLICATE_METHOD_MATCH = YES;
				COPY_PHASE_STRIP = NO;
				DEBUG_INFORMATION_FORMAT = "dwarf-with-dsym";
				ENABLE_NS_ASSERTIONS = NO;
				ENABLE_STRICT_OBJC_MSGSEND = YES;
				GCC_C_LANGUAGE_STANDARD = gnu11;
				GCC_NO_COMMON_BLOCKS = YES;
				GCC_WARN_64_TO_32_BIT_CONVERSION = YES;
				GCC_WARN_ABOUT_RETURN_TYPE = YES_ERROR;
				GCC_WARN_UNDECLARED_SELECTOR = YES;
				GCC_WARN_UNINITIALIZED_AUTOS = YES_AGGRESSIVE;
				GCC_WARN_UNUSED_FUNCTION = YES;
				GCC_WARN_UNUSED_VARIABLE = YES;
				IPHONEOS_DEPLOYMENT_TARGET = 13.2;
				MTL_ENABLE_DEBUG_INFO = NO;
				MTL_FAST_MATH = YES;
				SDKROOT = iphoneos;
				SWIFT_COMPILATION_MODE = wholemodule;
				SWIFT_OPTIMIZATION_LEVEL = "-O";
				VALIDATE_PRODUCT = YES;
			};
			name = Release;
		};
		1426DF512703C6A400DCE9B3 /* Debug */ = {
			isa = XCBuildConfiguration;
			buildSettings = {
				ASSETCATALOG_COMPILER_APPICON_NAME = AppIcon;
				CODE_SIGN_STYLE = Automatic;
				DEVELOPMENT_ASSET_PATHS = "\"Jogo do Arrocha/Preview Content\"";
				ENABLE_PREVIEWS = YES;
				INFOPLIST_FILE = "Jogo do Arrocha/Info.plist";
				LD_RUNPATH_SEARCH_PATHS = (
					"$(inherited)",
					"@executable_path/Frameworks",
				);
				PRODUCT_BUNDLE_IDENTIFIER = "com.ifpb.Jogo-do-Arrocha";
				PRODUCT_NAME = "$(TARGET_NAME)";
				SWIFT_VERSION = 5.0;
				TARGETED_DEVICE_FAMILY = "1,2";
			};
			name = Debug;
		};
		1426DF522703C6A400DCE9B3 /* Release */ = {
			isa = XCBuildConfiguration;
			buildSettings = {
				ASSETCATALOG_COMPILER_APPICON_NAME = AppIcon;
				CODE_SIGN_STYLE = Automatic;
				DEVELOPMENT_ASSET_PATHS = "\"Jogo do Arrocha/Preview Content\"";
				ENABLE_PREVIEWS = YES;
				INFOPLIST_FILE = "Jogo do Arrocha/Info.plist";
				LD_RUNPATH_SEARCH_PATHS = (
					"$(inherited)",
					"@executable_path/Frameworks",
				);
				PRODUCT_BUNDLE_IDENTIFIER = "com.ifpb.Jogo-do-Arrocha";
				PRODUCT_NAME = "$(TARGET_NAME)";
				SWIFT_VERSION = 5.0;
				TARGETED_DEVICE_FAMILY = "1,2";
			};
			name = Release;
		};
/* End XCBuildConfiguration section */

/* Begin XCConfigurationList section */
		1426DF372703C6A100DCE9B3 /* Build configuration list for PBXProject "Jogo do Arrocha" */ = {
			isa = XCConfigurationList;
			buildConfigurations = (
				1426DF4E2703C6A400DCE9B3 /* Debug */,
				1426DF4F2703C6A400DCE9B3 /* Release */,
			);
			defaultConfigurationIsVisible = 0;
			defaultConfigurationName = Release;
		};
		1426DF502703C6A400DCE9B3 /* Build configuration list for PBXNativeTarget "Jogo do Arrocha" */ = {
			isa = XCConfigurationList;
			buildConfigurations = (
				1426DF512703C6A400DCE9B3 /* Debug */,
				1426DF522703C6A400DCE9B3 /* Release */,
			);
			defaultConfigurationIsVisible = 0;
			defaultConfigurationName = Release;
		};
/* End XCConfigurationList section */
	};
	rootObject = 1426DF342703C6A100DCE9B3 /* Project object */;
}
